{
  "version": 4,
  "terraform_version": "1.0.1",
  "serial": 10,
  "lineage": "c4054348-68da-830b-d8d4-bd9b731700fe",
  "outputs": {},
  "resources": [
    {
      "mode": "managed",
      "type": "google_compute_address",
      "name": "static2",
      "provider": "provider[\"registry.terraform.io/hashicorp/google\"]",
      "instances": [
        {
          "schema_version": 0,
          "attributes": {
            "address": "34.74.163.42",
            "address_type": "EXTERNAL",
            "creation_timestamp": "2021-07-15T15:37:15.448-07:00",
            "description": "",
            "id": "projects/deploy-315515/regions/us-east1/addresses/vm-address2",
            "name": "vm-address2",
            "network": "",
            "network_tier": "PREMIUM",
            "prefix_length": 0,
            "project": "deploy-315515",
            "purpose": "",
            "region": "us-east1",
            "self_link": "https://www.googleapis.com/compute/v1/projects/deploy-315515/regions/us-east1/addresses/vm-address2",
            "subnetwork": "",
            "timeouts": null,
            "users": [
              "https://www.googleapis.com/compute/v1/projects/deploy-315515/zones/us-east1-c/instances/prod"
            ]
          },
          "sensitive_attributes": [],
          "private": "eyJlMmJmYjczMC1lY2FhLTExZTYtOGY4OC0zNDM2M2JjN2M0YzAiOnsiY3JlYXRlIjoyNDAwMDAwMDAwMDAsImRlbGV0ZSI6MjQwMDAwMDAwMDAwfX0=",
          "dependencies": [
            "google_compute_firewall.webg"
          ]
        }
      ]
    },
    {
      "mode": "managed",
      "type": "google_compute_firewall",
      "name": "webg",
      "provider": "provider[\"registry.terraform.io/hashicorp/google\"]",
      "instances": [
        {
          "schema_version": 1,
          "attributes": {
            "allow": [
              {
                "ports": [
                  "22",
                  "80",
                  "443"
                ],
                "protocol": "tcp"
              }
            ],
            "creation_timestamp": "2021-07-15T15:37:04.098-07:00",
            "deny": [],
            "description": "",
            "destination_ranges": [],
            "direction": "INGRESS",
            "disabled": false,
            "enable_logging": null,
            "id": "projects/deploy-315515/global/firewalls/webg",
            "log_config": [],
            "name": "webg",
            "network": "https://www.googleapis.com/compute/v1/projects/deploy-315515/global/networks/default",
            "priority": 1000,
            "project": "deploy-315515",
            "self_link": "https://www.googleapis.com/compute/v1/projects/deploy-315515/global/firewalls/webg",
            "source_ranges": [
              "0.0.0.0/0"
            ],
            "source_service_accounts": [],
            "source_tags": [],
            "target_service_accounts": [],
            "target_tags": [],
            "timeouts": null
          },
          "sensitive_attributes": [],
          "private": "eyJlMmJmYjczMC1lY2FhLTExZTYtOGY4OC0zNDM2M2JjN2M0YzAiOnsiY3JlYXRlIjoyNDAwMDAwMDAwMDAsImRlbGV0ZSI6MjQwMDAwMDAwMDAwLCJ1cGRhdGUiOjI0MDAwMDAwMDAwMH0sInNjaGVtYV92ZXJzaW9uIjoiMSJ9"
        }
      ]
    },
    {
      "mode": "managed",
      "type": "google_storage_bucket",
      "name": "chisto_state",
      "provider": "provider[\"registry.terraform.io/hashicorp/google\"]",
      "instances": [
        {
          "schema_version": 0,
          "attributes": {
            "bucket_policy_only": false,
            "cors": [],
            "default_event_based_hold": false,
            "encryption": [],
            "force_destroy": true,
            "id": "chisto-state",
            "labels": {},
            "lifecycle_rule": [],
            "location": "US-EAST1",
            "logging": [],
            "name": "chisto-state",
            "project": "deploy-315515",
            "requester_pays": false,
            "retention_policy": [],
            "self_link": "https://www.googleapis.com/storage/v1/b/chisto-state",
            "storage_class": "standard",
            "uniform_bucket_level_access": false,
            "url": "gs://chisto-state",
            "versioning": [
              {
                "enabled": true
              }
            ],
            "website": []
          },
          "sensitive_attributes": [],
          "private": "bnVsbA=="
        }
      ]
    },
    {
      "mode": "managed",
      "type": "tls_private_key",
      "name": "kk",
      "provider": "provider[\"registry.terraform.io/hashicorp/tls\"]",
      "instances": [
        {
          "schema_version": 0,
          "attributes": {
            "algorithm": "RSA",
            "ecdsa_curve": "P224",
            "id": "d90363a3e42cd2ce210f79b3451bb5812fcdf2fa",
            "private_key_pem": "-----BEGIN RSA PRIVATE KEY-----\nMIIJKQIBAAKCAgEAtbYcFRPPz5UV/oTzZ5s/uJ5hnfmMyCPmIRXwbQJPDChR4sz1\n7pzcJWrJWbqJEUMBntVV/LjHxpNbqXcxokP8xDI3HW7EugeAuU0g3VJGPmijEirj\n6f4apwY72h0cpQZbxyC6IzfjnutL4/6ZQp4pHXD5vdb2heX4G90zYlniaUtTFWYy\nNqXuWzxlILnx5SGiMd64K06zbLa+vz9Z+03Z+5n3zPiWa2ubKPGWwBbcuD58OJFP\nxQXBxtSjSGojNNiWM87pb9qBw0Qnj5p4BsIyokARdfzsnWoeifSh8opJ8fO5KEf+\nDKunKdnnfkhp3LWvbZtfmYZ6nDmyZ6tgSlnJSVWFN/NVeF0B+9gUXWAhNaNizXS/\nVaVAHU8VFjnCL/K059V2qNi+cvnRkV7ME0+f5GYeQAImuruXHxbWj4q4m3T3fe4m\ntaJI/En8Xx3Voyf91hACXQXXEAITRqaT4YfVJJ0XKOzX9pKAnKITvYTainLOksjr\n4U9R6DpgIIl2eTMQ0zxfQ7lmCJw0d1Q8tOTw/fKXl5kDfms/1YsBNwk/UGhuS4S6\nKyNB8y5H/3UNXBRHNG//tXossfdaktM6qjsL1hKCZBAnOJcUs4jYsM5I76Oq80eE\nlyA4FuIHLE822+lmt9QXi9bVhykhL5QVIZxzIME/so1WCzJZi/+aXpdTzFsCAwEA\nAQKCAgArlJ+rlnLS0GjUAEL4aE2iE6pJ3x4aqjF5Ye+l1VXsDoeFI68gKVLLTo84\nC/rvvuhWlcfnstGHGLR1Mnce+btXustpLbXVABOpXYwySJc8RJBHvS2oYx81S9Ny\n/mRuV9YPLhQ2eiMHbFtpNRjA13n4662aEEJT3tHgrO6z+ebJZh1pFneYj7dY/mUq\nsi4HzEdAOrBlAp0Zx8J7z8/e688J/uVlrYE2BjrSWQ7UxybssV/NmVxOXpEZBMqc\nhYgoFoH/rvJht0BD+saaNGvxAwZtz3vglmaRYnAsmhV1PCF7+/4+YPXXSBvxd6eD\nrA5nttN6MDd/dLdXXKcjIgEYE+yoWEjEmb5zEp9Ns+rARxh//UKFUFEsds2xrUz+\n0jAfeYOg2SioIxHduBtoGjUcV75a3tNQhRe2zhVWO2aAOczTuFNe5l0CGnuquOji\nGxYt6m9gRbsP4VZAMBL6QhbwhoX8TQmmmcUY9Cnx/Yxr7l4AGpE9zVgTQypYY/jn\ngofjQj5FI6nDX0VcTF8gtPEBStbaKzSc3Jgju82fu5XR/K4RyxYfzRX/vWErYiVP\nLGAVQsVyNGAfDB6jJsEnth6xk6mGHEpfebY5ZamjTQqfHZNWbng6YOfcpYKpSr/W\niFcYtlABkbzvWcRc768YhoB2yBkBevMIblxJ0iy0UNLDLd87kQKCAQEAyrqOmmoR\nsOPvIeIQzeYKYLrPVkMm4bN4tvptgYNXziK+ZMd/3MYhHInVsLfGhw3eHVOqhgtN\nH3vKymdIWAg9DfcBpTPlYOmjnoIX9u5BmfiGPozApEkDFDtKOJrIIDPws86O9uEw\nO9IlthzGcjsaV8JN6pNJw3d9cqJNExepVIngxSfh0xfhi48FcQRFdRV9jcx6UT0L\nJkVA98J/X73FerGNlFMk2hXb22SGKc2S/YO9daLEBoG2H1vq9dbbpviMTI1oiwcJ\nU81Cf/jTkPhJOH0A8l7GPzcGsM4FKIHojcMJg5BFMmHyc+kC+SP9hB6tJPJTWyQ/\nt6d89tXgdlRSbwKCAQEA5XW586l9hZvQIvQ+A1kvRVoAOQZqHUGE6nkfPNbfiwf5\n/9sELhGmTAONVVPgKt4j6FYcCrZ7jghNBcT8mS67SPNnPxR8zwqA9GKMJPoxTXAU\nBtOgSJGC15ObiWncXqGD3TMLEUxu0u/nRzK26+SuzTTZsK3cc/M+7ihqvuw4PA4b\ncey0p1PcLnX/2C65cqgM8zow5yTgltDDREroONTLX79/DSLVXp+vKbQfQ6OQ4nh2\nlwoNKyFnDhhqDQoJoSb3diR6uHepH9qpLm8GYJ41fMI+JY2SYSEivI6S76FKkYmw\nTkXIw7owrAhzIn/TymqC2yEdHPHIo0Y6/AN1Wysq1QKCAQEAgKiVB/p478I4aVCH\nSaTMwUbNfvlvG55C5h1YkfFBMFlsa5kQ1JQJP4taSqTXIa7zX7lRZ3CUqX5u3LVf\nfD7+QHaaXLXqxO6CIH5/pv7eM1E+IURCngCYK6bVG8dfatCL2hElOhj/+3cK5+Cr\nMKPBvCBcQprnHV4gBzhpocxKcpRuSbFd6BIn2eISmf8T9ZKF9A/pMNWE1eztpk+R\ndrmBMrSsHY4GvUFSHpJVcwI8XxfUjWuW7Go1owE6xHpvPDBRGeREjLcSfFSv93d7\nDW4FSgxLJYZwWn4ZiOu26lZHuHAnAY/12lu++0DN2j+1DLxLNj90F0uSBIQPErf5\nlB8/kQKCAQAQfojyagGa5BtvF82JYhTS0GhpsPtZxQbv7+r97Zg+H0GqUa0YPq6M\nkkjLlG7txfAg2GfFoV56VEBtJL7fqAtQcCbA0xExtNiWOKtIUS/QGDloUDgaX1Nf\neb3Zf+GWb9fRw8SM5sikoxgl9xBNHrAuEhl/6M+LCjZA2mjp9oMIVh9E7jYCPTX7\npQHSIXG1Oz1LEqjHRNBcJv+SXiwZQbqo1FQmtpVN6v6lacxBiXV1wiEMNG3D5u/I\nhJrC+zC8A9gQBwlHT1q57nbw3ow/z7+aiz/6ZRXbo40irsEDNr3sflBNIBkRcMXk\n5+qW1Ud9KnDjnZrBJOQ+UGMXEIyUFCNNAoIBAQCPrYNWaZRUDPmY4XD2IvomV/vO\nkoGOIap4ZBY+Q1llmZ1gsfvdRTPD2UTi6ca1/2LmQLZtjjQt6fPgQvuFu3g2RjSX\n+pOtZvvrMIhyWqpBvsY6gaBLx2qpR0jkRdCpBd6c8QqNGPkBZ9wLTVj2fJb5rPvq\nSa6IjLT3vvNjcdBz0SlSok4bYCtauQZYArGi7SOKUbvtAab07fGOQnTd1622xDf8\nMRO7tn0oTAn4P+43Vwg+gWP2wVwMq+LJ+23WFEWIcN8BIw4p+ghJjGH/ad0C8Lpb\nNQVy3C5Qot3SYW0tIIr/MO7QFhTF5ksUoh2jaeLWVSNaoMAtR38JbAfFsS87\n-----END RSA PRIVATE KEY-----\n",
            "public_key_fingerprint_md5": "06:6b:38:b8:d3:0f:3b:cd:c4:58:6a:59:b0:f2:95:54",
            "public_key_openssh": "ssh-rsa AAAAB3NzaC1yc2EAAAADAQABAAACAQC1thwVE8/PlRX+hPNnmz+4nmGd+YzII+YhFfBtAk8MKFHizPXunNwlaslZuokRQwGe1VX8uMfGk1updzGiQ/zEMjcdbsS6B4C5TSDdUkY+aKMSKuPp/hqnBjvaHRylBlvHILojN+Oe60vj/plCnikdcPm91vaF5fgb3TNiWeJpS1MVZjI2pe5bPGUgufHlIaIx3rgrTrNstr6/P1n7Tdn7mffM+JZra5so8ZbAFty4Pnw4kU/FBcHG1KNIaiM02JYzzulv2oHDRCePmngGwjKiQBF1/Oydah6J9KHyiknx87koR/4Mq6cp2ed+SGncta9tm1+ZhnqcObJnq2BKWclJVYU381V4XQH72BRdYCE1o2LNdL9VpUAdTxUWOcIv8rTn1Xao2L5y+dGRXswTT5/kZh5AAia6u5cfFtaPiribdPd97ia1okj8SfxfHdWjJ/3WEAJdBdcQAhNGppPhh9UknRco7Nf2koCcohO9hNqKcs6SyOvhT1HoOmAgiXZ5MxDTPF9DuWYInDR3VDy05PD98peXmQN+az/ViwE3CT9QaG5LhLorI0HzLkf/dQ1cFEc0b/+1eiyx91qS0zqqOwvWEoJkECc4lxSziNiwzkjvo6rzR4SXIDgW4gcsTzbb6Wa31BeL1tWHKSEvlBUhnHMgwT+yjVYLMlmL/5pel1PMWw==\n",
            "public_key_pem": "-----BEGIN PUBLIC KEY-----\nMIICIjANBgkqhkiG9w0BAQEFAAOCAg8AMIICCgKCAgEAtbYcFRPPz5UV/oTzZ5s/\nuJ5hnfmMyCPmIRXwbQJPDChR4sz17pzcJWrJWbqJEUMBntVV/LjHxpNbqXcxokP8\nxDI3HW7EugeAuU0g3VJGPmijEirj6f4apwY72h0cpQZbxyC6IzfjnutL4/6ZQp4p\nHXD5vdb2heX4G90zYlniaUtTFWYyNqXuWzxlILnx5SGiMd64K06zbLa+vz9Z+03Z\n+5n3zPiWa2ubKPGWwBbcuD58OJFPxQXBxtSjSGojNNiWM87pb9qBw0Qnj5p4BsIy\nokARdfzsnWoeifSh8opJ8fO5KEf+DKunKdnnfkhp3LWvbZtfmYZ6nDmyZ6tgSlnJ\nSVWFN/NVeF0B+9gUXWAhNaNizXS/VaVAHU8VFjnCL/K059V2qNi+cvnRkV7ME0+f\n5GYeQAImuruXHxbWj4q4m3T3fe4mtaJI/En8Xx3Voyf91hACXQXXEAITRqaT4YfV\nJJ0XKOzX9pKAnKITvYTainLOksjr4U9R6DpgIIl2eTMQ0zxfQ7lmCJw0d1Q8tOTw\n/fKXl5kDfms/1YsBNwk/UGhuS4S6KyNB8y5H/3UNXBRHNG//tXossfdaktM6qjsL\n1hKCZBAnOJcUs4jYsM5I76Oq80eElyA4FuIHLE822+lmt9QXi9bVhykhL5QVIZxz\nIME/so1WCzJZi/+aXpdTzFsCAwEAAQ==\n-----END PUBLIC KEY-----\n",
            "rsa_bits": 4096
          },
          "sensitive_attributes": [],
          "private": "bnVsbA=="
        }
      ]
    },
    {
      "module": "module.instance_prod",
      "mode": "managed",
      "type": "google_compute_instance",
      "name": "web",
      "provider": "provider[\"registry.terraform.io/hashicorp/google\"]",
      "instances": [
        {
          "schema_version": 6,
          "attributes": {
            "advanced_machine_features": [],
            "allow_stopping_for_update": null,
            "attached_disk": [],
            "boot_disk": [
              {
                "auto_delete": true,
                "device_name": "persistent-disk-0",
                "disk_encryption_key_raw": "",
                "disk_encryption_key_sha256": "",
                "initialize_params": [
                  {
                    "image": "https://www.googleapis.com/compute/v1/projects/debian-cloud/global/images/debian-9-stretch-v20210701",
                    "labels": {},
                    "size": 10,
                    "type": "pd-standard"
                  }
                ],
                "kms_key_self_link": "",
                "mode": "READ_WRITE",
                "source": "https://www.googleapis.com/compute/v1/projects/deploy-315515/zones/us-east1-c/disks/prod"
              }
            ],
            "can_ip_forward": false,
            "confidential_instance_config": [],
            "cpu_platform": "Intel Haswell",
            "current_status": "RUNNING",
            "deletion_protection": false,
            "description": "",
            "desired_status": null,
            "enable_display": false,
            "guest_accelerator": [],
            "hostname": "",
            "id": "projects/deploy-315515/zones/us-east1-c/instances/prod",
            "instance_id": "727423302558877256",
            "label_fingerprint": "42WmSpB8rSM=",
            "labels": {},
            "machine_type": "e2-micro",
            "metadata": {
              "ssh-keys": "ubuntu:ssh-rsa AAAAB3NzaC1yc2EAAAADAQABAAACAQC1thwVE8/PlRX+hPNnmz+4nmGd+YzII+YhFfBtAk8MKFHizPXunNwlaslZuokRQwGe1VX8uMfGk1updzGiQ/zEMjcdbsS6B4C5TSDdUkY+aKMSKuPp/hqnBjvaHRylBlvHILojN+Oe60vj/plCnikdcPm91vaF5fgb3TNiWeJpS1MVZjI2pe5bPGUgufHlIaIx3rgrTrNstr6/P1n7Tdn7mffM+JZra5so8ZbAFty4Pnw4kU/FBcHG1KNIaiM02JYzzulv2oHDRCePmngGwjKiQBF1/Oydah6J9KHyiknx87koR/4Mq6cp2ed+SGncta9tm1+ZhnqcObJnq2BKWclJVYU381V4XQH72BRdYCE1o2LNdL9VpUAdTxUWOcIv8rTn1Xao2L5y+dGRXswTT5/kZh5AAia6u5cfFtaPiribdPd97ia1okj8SfxfHdWjJ/3WEAJdBdcQAhNGppPhh9UknRco7Nf2koCcohO9hNqKcs6SyOvhT1HoOmAgiXZ5MxDTPF9DuWYInDR3VDy05PD98peXmQN+az/ViwE3CT9QaG5LhLorI0HzLkf/dQ1cFEc0b/+1eiyx91qS0zqqOwvWEoJkECc4lxSziNiwzkjvo6rzR4SXIDgW4gcsTzbb6Wa31BeL1tWHKSEvlBUhnHMgwT+yjVYLMlmL/5pel1PMWw==\n"
            },
            "metadata_fingerprint": "8M1UcPLf0WM=",
            "metadata_startup_script": "",
            "min_cpu_platform": "",
            "name": "prod",
            "network_interface": [
              {
                "access_config": [
                  {
                    "nat_ip": "34.74.163.42",
                    "network_tier": "PREMIUM",
                    "public_ptr_domain_name": ""
                  }
                ],
                "alias_ip_range": [],
                "name": "nic0",
                "network": "https://www.googleapis.com/compute/v1/projects/deploy-315515/global/networks/default",
                "network_ip": "10.142.0.11",
                "nic_type": "",
                "subnetwork": "https://www.googleapis.com/compute/v1/projects/deploy-315515/regions/us-east1/subnetworks/default",
                "subnetwork_project": "deploy-315515"
              }
            ],
            "project": "deploy-315515",
            "reservation_affinity": [],
            "resource_policies": [],
            "scheduling": [
              {
                "automatic_restart": true,
                "min_node_cpus": 0,
                "node_affinities": [],
                "on_host_maintenance": "MIGRATE",
                "preemptible": false
              }
            ],
            "scratch_disk": [],
            "self_link": "https://www.googleapis.com/compute/v1/projects/deploy-315515/zones/us-east1-c/instances/prod",
            "service_account": [],
            "shielded_instance_config": [],
            "tags": [
              "webprod"
            ],
            "tags_fingerprint": "Rb6D9yuQ_s4=",
            "timeouts": null,
            "zone": "us-east1-c"
          },
          "sensitive_attributes": [],
          "private": "eyJlMmJmYjczMC1lY2FhLTExZTYtOGY4OC0zNDM2M2JjN2M0YzAiOnsiY3JlYXRlIjoxMjAwMDAwMDAwMDAwLCJkZWxldGUiOjEyMDAwMDAwMDAwMDAsInVwZGF0ZSI6MTIwMDAwMDAwMDAwMH0sInNjaGVtYV92ZXJzaW9uIjoiNiJ9",
          "dependencies": [
            "google_compute_address.static2",
            "google_compute_firewall.webg",
            "tls_private_key.kk"
          ]
        }
      ]
    },
    {
      "module": "module.instance_test",
      "mode": "managed",
      "type": "google_compute_instance",
      "name": "web",
      "provider": "provider[\"registry.terraform.io/hashicorp/google\"]",
      "instances": []
    }
  ]
}
